// !$*UTF8*$!
{
	archiveVersion = 1;
	classes = {
	};
	objectVersion = 56;
	objects = {

/* Begin PBXBuildFile section */
		8BFD3BDF2F8D60780090E796 /* MainApp.swift in Sources */ = {isa = PBXBuildFile; fileRef = 8BFD3BDE2F8D60780090E796 /* MainApp.swift */; };
		8BFD3BE32F8D607B0090E796 /* Assets.xcassets in Resources */ = {isa = PBXBuildFile; fileRef = 8BFD3BE22F8D607B0090E796 /* Assets.xcassets */; };
		8BFD3BE62F8D607B0090E796 /* Preview Assets.xcassets in Resources */ = {isa = PBXBuildFile; fileRef = 8BFD3BE52F8D607B0090E796 /* Preview Assets.xcassets */; };
		8BFD3C0B2F8D60780090E796 /* AppDelegate.swift in Sources */ = {isa = PBXBuildFile; fileRef = 8BFD3C0A2F8D60780090E796 /* AppDelegate.swift */; };
		8BFD3C0D2F8D60780090E796 /* AudioManager.swift in Sources */ = {isa = PBXBuildFile; fileRef = 8BFD3C0C2F8D60780090E796 /* AudioManager.swift */; };
		8BFD3C0F2F8D60780090E796 /* VideoManager.swift in Sources */ = {isa = PBXBuildFile; fileRef = 8BFD3C0E2F8D60780090E796 /* VideoManager.swift */; };
		8BFD3C112F8D60780090E796 /* MenuBuilder.swift in Sources */ = {isa = PBXBuildFile; fileRef = 8BFD3C102F8D60780090E796 /* MenuBuilder.swift */; };
		A0A1D0000000000000000002 /* AppIdentity.swift in Sources */ = {isa = PBXBuildFile; fileRef = A0A1D0000000000000000001 /* AppIdentity.swift */; };
		A0A1D0000000000000000F02 /* README.txt in Resources */ = {isa = PBXBuildFile; fileRef = A0A1D0000000000000000F01 /* README.txt */; };
		A0A1D0000000000000000F04 /* ABOUT.txt in Resources */ = {isa = PBXBuildFile; fileRef = A0A1D0000000000000000F03 /* ABOUT.txt */; };
		AA0001002F8D60780090E796 /* ControlStripPresenter.swift in Sources */ = {isa = PBXBuildFile; fileRef = AA0000FF2F8D60780090E796 /* ControlStripPresenter.swift */; };
		AA0003002F8D60780090E796 /* GlobalHotkey.swift in Sources */ = {isa = PBXBuildFile; fileRef = AA0002FF2F8D60780090E796 /* GlobalHotkey.swift */; };
		AA1001002F9D00000090E796 /* VideoManager+VirtualAnchor.swift in Sources */ = {isa = PBXBuildFile; fileRef = AA1000FF2F9D00000090E796 /* VideoManager+VirtualAnchor.swift */; };
		AA100B002F8D607C0090E796 /* VisibilityPreferencesTests.swift in Sources */ = {isa = PBXBuildFile; fileRef = AA100A002F8D607C0090E796 /* VisibilityPreferencesTests.swift */; };
		AA200B002F8D607C0090E796 /* AudioManagerFilterTests.swift in Sources */ = {isa = PBXBuildFile; fileRef = AA200A002F8D607C0090E796 /* AudioManagerFilterTests.swift */; };
		AA300B002F8D607C0090E796 /* VideoManagerFilterTests.swift in Sources */ = {isa = PBXBuildFile; fileRef = AA300A002F8D607C0090E796 /* VideoManagerFilterTests.swift */; };
		AA400B002F8D607C0090E796 /* HotkeyPreferenceTests.swift in Sources */ = {isa = PBXBuildFile; fileRef = AA400A002F8D607C0090E796 /* HotkeyPreferenceTests.swift */; };
		EE200B022F8D607C0090E796 /* MenuBarIconTests.swift in Sources */ = {isa = PBXBuildFile; fileRef = EE200A022F8D607C0090E796 /* MenuBarIconTests.swift */; };
		AA500B002F8D607C0090E796 /* ControlStripPresenterTests.swift in Sources */ = {isa = PBXBuildFile; fileRef = AA500A002F8D607C0090E796 /* ControlStripPresenterTests.swift */; };
		AA600B002F8D607C0090E796 /* ScreenMirroringPanelTests.swift in Sources */ = {isa = PBXBuildFile; fileRef = AA600A002F8D607C0090E796 /* ScreenMirroringPanelTests.swift */; };
		AA700B002F8D607C0090E796 /* MirrorPlanTests.swift in Sources */ = {isa = PBXBuildFile; fileRef = AA700A002F8D607C0090E796 /* MirrorPlanTests.swift */; };
		AA800B002F8D607C0090E796 /* MirrorPickerTests.swift in Sources */ = {isa = PBXBuildFile; fileRef = AA800A002F8D607C0090E796 /* MirrorPickerTests.swift */; };
		AA900B002F8D607C0090E796 /* MainDisplayPickerTests.swift in Sources */ = {isa = PBXBuildFile; fileRef = AA900A002F8D607C0090E796 /* MainDisplayPickerTests.swift */; };
		BB0002002F8D60780090E796 /* HotkeyPreference.swift in Sources */ = {isa = PBXBuildFile; fileRef = BB0001002F8D60780090E796 /* HotkeyPreference.swift */; };
		BB0004002F8D60780090E796 /* KeyRecorderView.swift in Sources */ = {isa = PBXBuildFile; fileRef = BB0003002F8D60780090E796 /* KeyRecorderView.swift */; };
		BB0006002F8D60780090E796 /* SettingsWindowController.swift in Sources */ = {isa = PBXBuildFile; fileRef = BB0005002F8D60780090E796 /* SettingsWindowController.swift */; };
		BB0008002F8D60780090E796 /* VisibilityPreferences.swift in Sources */ = {isa = PBXBuildFile; fileRef = BB0007002F8D60780090E796 /* VisibilityPreferences.swift */; };
		BB000A002F8D60780090E796 /* SpeechSynthesizer.swift in Sources */ = {isa = PBXBuildFile; fileRef = BB0009002F8D60780090E796 /* SpeechSynthesizer.swift */; };
		BB520C012F8D60780090E796 /* DisplayRegistry.swift in Sources */ = {isa = PBXBuildFile; fileRef = BB520B012F8D60780090E796 /* DisplayRegistry.swift */; };
		CC000C002F8D60780090E796 /* AirPlayQuickConnect.swift in Sources */ = {isa = PBXBuildFile; fileRef = CC000B002F8D60780090E796 /* AirPlayQuickConnect.swift */; };
		CC000C012F8D60780090E796 /* HUD.swift in Sources */ = {isa = PBXBuildFile; fileRef = CC000B012F8D60780090E796 /* HUD.swift */; };
		EE200B012F8D60780090E796 /* MenuBarIcon.swift in Sources */ = {isa = PBXBuildFile; fileRef = EE200A012F8D60780090E796 /* MenuBarIcon.swift */; };
		CC000C022F8D60780090E796 /* AudioOutputPicker.swift in Sources */ = {isa = PBXBuildFile; fileRef = CC000B022F8D60780090E796 /* AudioOutputPicker.swift */; };
		CC000C302F8D60780090E796 /* ScreenMirroringPanel.swift in Sources */ = {isa = PBXBuildFile; fileRef = CC000B302F8D60780090E796 /* ScreenMirroringPanel.swift */; };
		CC000C312F8D60780090E796 /* SidecarManager.swift in Sources */ = {isa = PBXBuildFile; fileRef = CC000B312F8D60780090E796 /* SidecarManager.swift */; };
		CC100C012F8D60780090E796 /* ChoicePicker.swift in Sources */ = {isa = PBXBuildFile; fileRef = CC100B012F8D60780090E796 /* ChoicePicker.swift */; };
		CC100C022F8D60780090E796 /* MirrorPicker.swift in Sources */ = {isa = PBXBuildFile; fileRef = CC100B022F8D60780090E796 /* MirrorPicker.swift */; };
		CC100C032F8D60780090E796 /* MainDisplayPicker.swift in Sources */ = {isa = PBXBuildFile; fileRef = CC100B032F8D60780090E796 /* MainDisplayPicker.swift */; };
		DD000C012F8D60780090E796 /* DisplayLayout.swift in Sources */ = {isa = PBXBuildFile; fileRef = DD000B012F8D60780090E796 /* DisplayLayout.swift */; };
		DD000C022F8D60780090E796 /* VideoManager+Arrangement.swift in Sources */ = {isa = PBXBuildFile; fileRef = DD000B022F8D60780090E796 /* VideoManager+Arrangement.swift */; };
		DD000C032F8D60780090E796 /* ArrangeDisplaysWindowController.swift in Sources */ = {isa = PBXBuildFile; fileRef = DD000B032F8D60780090E796 /* ArrangeDisplaysWindowController.swift */; };
		DD000C042F8D60780090E796 /* ArrangeTouchBar.swift in Sources */ = {isa = PBXBuildFile; fileRef = DD000B042F8D60780090E796 /* ArrangeTouchBar.swift */; };
		DD100B002F8D607C0090E796 /* DisplayLayoutTests.swift in Sources */ = {isa = PBXBuildFile; fileRef = DD100A002F8D607C0090E796 /* DisplayLayoutTests.swift */; };
		DD100B012F8D607C0090E796 /* ArrangeTouchBarTests.swift in Sources */ = {isa = PBXBuildFile; fileRef = DD100A012F8D607C0090E796 /* ArrangeTouchBarTests.swift */; };
		DD100B0A2F8D607C0090E7A0 /* DisplayNicknameTests.swift in Sources */ = {isa = PBXBuildFile; fileRef = DD100A0A2F8D607C0090E7A0 /* DisplayNicknameTests.swift */; };
		DD100B0B2F8D607C0090E7A1 /* SidecarDisplayTests.swift in Sources */ = {isa = PBXBuildFile; fileRef = DD100A0B2F8D607C0090E7A1 /* SidecarDisplayTests.swift */; };
/* End PBXBuildFile section */

/* Begin PBXContainerItemProxy section */
		8BFD3BED2F8D607C0090E796 /* PBXContainerItemProxy */ = {
			isa = PBXContainerItemProxy;
			containerPortal = 8BFD3BD32F8D60780090E796 /* Project object */;
			proxyType = 1;
			remoteGlobalIDString = 8BFD3BDA2F8D60780090E796;
			remoteInfo = DAM;
		};
/* End PBXContainerItemProxy section */

/* Begin PBXFileReference section */
		8BFD3BDB2F8D60780090E796 /* DAM.app */ = {isa = PBXFileReference; explicitFileType = wrapper.application; includeInIndex = 0; path = DAM.app; sourceTree = BUILT_PRODUCTS_DIR; };
		8BFD3BDE2F8D60780090E796 /* MainApp.swift */ = {isa = PBXFileReference; lastKnownFileType = sourcecode.swift; path = MainApp.swift; sourceTree = "<group>"; };
		8BFD3BE22F8D607B0090E796 /* Assets.xcassets */ = {isa = PBXFileReference; lastKnownFileType = folder.assetcatalog; path = Assets.xcassets; sourceTree = "<group>"; };
		8BFD3BE52F8D607B0090E796 /* Preview Assets.xcassets */ = {isa = PBXFileReference; lastKnownFileType = folder.assetcatalog; path = "Preview Assets.xcassets"; sourceTree = "<group>"; };
		8BFD3BE72F8D607B0090E796 /* DAM.entitlements */ = {isa = PBXFileReference; lastKnownFileType = text.plist.entitlements; path = DAM.entitlements; sourceTree = "<group>"; };
		8BFD3BEC2F8D607C0090E796 /* DAM Tests.xctest */ = {isa = PBXFileReference; explicitFileType = wrapper.cfbundle; includeInIndex = 0; path = "DAM Tests.xctest"; sourceTree = BUILT_PRODUCTS_DIR; };
		8BFD3C0A2F8D60780090E796 /* AppDelegate.swift */ = {isa = PBXFileReference; lastKnownFileType = sourcecode.swift; path = AppDelegate.swift; sourceTree = "<group>"; };
		8BFD3C0C2F8D60780090E796 /* AudioManager.swift */ = {isa = PBXFileReference; lastKnownFileType = sourcecode.swift; path = AudioManager.swift; sourceTree = "<group>"; };
		8BFD3C0E2F8D60780090E796 /* VideoManager.swift */ = {isa = PBXFileReference; lastKnownFileType = sourcecode.swift; path = VideoManager.swift; sourceTree = "<group>"; };
		8BFD3C102F8D60780090E796 /* MenuBuilder.swift */ = {isa = PBXFileReference; lastKnownFileType = sourcecode.swift; path = MenuBuilder.swift; sourceTree = "<group>"; };
		A0A1D0000000000000000001 /* AppIdentity.swift */ = {isa = PBXFileReference; lastKnownFileType = sourcecode.swift; path = AppIdentity.swift; sourceTree = "<group>"; };
		A0A1D0000000000000000F01 /* README.txt */ = {isa = PBXFileReference; lastKnownFileType = text; path = README.txt; sourceTree = SOURCE_ROOT; };
		A0A1D0000000000000000F03 /* ABOUT.txt */ = {isa = PBXFileReference; lastKnownFileType = text; path = ABOUT.txt; sourceTree = SOURCE_ROOT; };
		AA0000FF2F8D60780090E796 /* ControlStripPresenter.swift */ = {isa = PBXFileReference; lastKnownFileType = sourcecode.swift; path = ControlStripPresenter.swift; sourceTree = "<group>"; };
		AA0002FF2F8D60780090E796 /* GlobalHotkey.swift */ = {isa = PBXFileReference; lastKnownFileType = sourcecode.swift; path = GlobalHotkey.swift; sourceTree = "<group>"; };
		AA1000FF2F9D00000090E796 /* VideoManager+VirtualAnchor.swift */ = {isa = PBXFileReference; lastKnownFileType = sourcecode.swift; path = "VideoManager+VirtualAnchor.swift"; sourceTree = "<group>"; };
		AA100A002F8D607C0090E796 /* VisibilityPreferencesTests.swift */ = {isa = PBXFileReference; lastKnownFileType = sourcecode.swift; path = VisibilityPreferencesTests.swift; sourceTree = "<group>"; };
		AA200A002F8D607C0090E796 /* AudioManagerFilterTests.swift */ = {isa = PBXFileReference; lastKnownFileType = sourcecode.swift; path = AudioManagerFilterTests.swift; sourceTree = "<group>"; };
		AA300A002F8D607C0090E796 /* VideoManagerFilterTests.swift */ = {isa = PBXFileReference; lastKnownFileType = sourcecode.swift; path = VideoManagerFilterTests.swift; sourceTree = "<group>"; };
		AA400A002F8D607C0090E796 /* HotkeyPreferenceTests.swift */ = {isa = PBXFileReference; lastKnownFileType = sourcecode.swift; path = HotkeyPreferenceTests.swift; sourceTree = "<group>"; };
		EE200A022F8D607C0090E796 /* MenuBarIconTests.swift */ = {isa = PBXFileReference; lastKnownFileType = sourcecode.swift; path = MenuBarIconTests.swift; sourceTree = "<group>"; };
		AA500A002F8D607C0090E796 /* ControlStripPresenterTests.swift */ = {isa = PBXFileReference; lastKnownFileType = sourcecode.swift; path = ControlStripPresenterTests.swift; sourceTree = "<group>"; };
		AA600A002F8D607C0090E796 /* ScreenMirroringPanelTests.swift */ = {isa = PBXFileReference; lastKnownFileType = sourcecode.swift; path = ScreenMirroringPanelTests.swift; sourceTree = "<group>"; };
		AA700A002F8D607C0090E796 /* MirrorPlanTests.swift */ = {isa = PBXFileReference; lastKnownFileType = sourcecode.swift; path = MirrorPlanTests.swift; sourceTree = "<group>"; };
		AA800A002F8D607C0090E796 /* MirrorPickerTests.swift */ = {isa = PBXFileReference; lastKnownFileType = sourcecode.swift; path = MirrorPickerTests.swift; sourceTree = "<group>"; };
		AA900A002F8D607C0090E796 /* MainDisplayPickerTests.swift */ = {isa = PBXFileReference; lastKnownFileType = sourcecode.swift; path = MainDisplayPickerTests.swift; sourceTree = "<group>"; };
		BB0001002F8D60780090E796 /* HotkeyPreference.swift */ = {isa = PBXFileReference; lastKnownFileType = sourcecode.swift; path = HotkeyPreference.swift; sourceTree = "<group>"; };
		BB0003002F8D60780090E796 /* KeyRecorderView.swift */ = {isa = PBXFileReference; lastKnownFileType = sourcecode.swift; path = KeyRecorderView.swift; sourceTree = "<group>"; };
		BB0005002F8D60780090E796 /* SettingsWindowController.swift */ = {isa = PBXFileReference; lastKnownFileType = sourcecode.swift; path = SettingsWindowController.swift; sourceTree = "<group>"; };
		BB0007002F8D60780090E796 /* VisibilityPreferences.swift */ = {isa = PBXFileReference; lastKnownFileType = sourcecode.swift; path = VisibilityPreferences.swift; sourceTree = "<group>"; };
		BB0009002F8D60780090E796 /* SpeechSynthesizer.swift */ = {isa = PBXFileReference; lastKnownFileType = sourcecode.swift; path = SpeechSynthesizer.swift; sourceTree = "<group>"; };
		BB520B012F8D60780090E796 /* DisplayRegistry.swift */ = {isa = PBXFileReference; lastKnownFileType = sourcecode.swift; path = DisplayRegistry.swift; sourceTree = "<group>"; };
		CC000B002F8D60780090E796 /* AirPlayQuickConnect.swift */ = {isa = PBXFileReference; lastKnownFileType = sourcecode.swift; path = AirPlayQuickConnect.swift; sourceTree = "<group>"; };
		CC000B012F8D60780090E796 /* HUD.swift */ = {isa = PBXFileReference; lastKnownFileType = sourcecode.swift; path = HUD.swift; sourceTree = "<group>"; };
		EE200A012F8D60780090E796 /* MenuBarIcon.swift */ = {isa = PBXFileReference; lastKnownFileType = sourcecode.swift; path = MenuBarIcon.swift; sourceTree = "<group>"; };
		CC000B022F8D60780090E796 /* AudioOutputPicker.swift */ = {isa = PBXFileReference; lastKnownFileType = sourcecode.swift; path = AudioOutputPicker.swift; sourceTree = "<group>"; };
		CC000B302F8D60780090E796 /* ScreenMirroringPanel.swift */ = {isa = PBXFileReference; lastKnownFileType = sourcecode.swift; path = ScreenMirroringPanel.swift; sourceTree = "<group>"; };
		CC000B312F8D60780090E796 /* SidecarManager.swift */ = {isa = PBXFileReference; lastKnownFileType = sourcecode.swift; path = SidecarManager.swift; sourceTree = "<group>"; };
		CC100B012F8D60780090E796 /* ChoicePicker.swift */ = {isa = PBXFileReference; lastKnownFileType = sourcecode.swift; path = ChoicePicker.swift; sourceTree = "<group>"; };
		CC100B022F8D60780090E796 /* MirrorPicker.swift */ = {isa = PBXFileReference; lastKnownFileType = sourcecode.swift; path = MirrorPicker.swift; sourceTree = "<group>"; };
		CC100B032F8D60780090E796 /* MainDisplayPicker.swift */ = {isa = PBXFileReference; lastKnownFileType = sourcecode.swift; path = MainDisplayPicker.swift; sourceTree = "<group>"; };
		DD000B012F8D60780090E796 /* DisplayLayout.swift */ = {isa = PBXFileReference; lastKnownFileType = sourcecode.swift; path = DisplayLayout.swift; sourceTree = "<group>"; };
		DD000B022F8D60780090E796 /* VideoManager+Arrangement.swift */ = {isa = PBXFileReference; lastKnownFileType = sourcecode.swift; path = "VideoManager+Arrangement.swift"; sourceTree = "<group>"; };
		DD000B032F8D60780090E796 /* ArrangeDisplaysWindowController.swift */ = {isa = PBXFileReference; lastKnownFileType = sourcecode.swift; path = ArrangeDisplaysWindowController.swift; sourceTree = "<group>"; };
		DD000B042F8D60780090E796 /* ArrangeTouchBar.swift */ = {isa = PBXFileReference; lastKnownFileType = sourcecode.swift; path = ArrangeTouchBar.swift; sourceTree = "<group>"; };
		DD100A002F8D607C0090E796 /* DisplayLayoutTests.swift */ = {isa = PBXFileReference; lastKnownFileType = sourcecode.swift; path = DisplayLayoutTests.swift; sourceTree = "<group>"; };
		DD100A012F8D607C0090E796 /* ArrangeTouchBarTests.swift */ = {isa = PBXFileReference; lastKnownFileType = sourcecode.swift; path = ArrangeTouchBarTests.swift; sourceTree = "<group>"; };
		DD100A0A2F8D607C0090E7A0 /* DisplayNicknameTests.swift */ = {isa = PBXFileReference; lastKnownFileType = sourcecode.swift; path = DisplayNicknameTests.swift; sourceTree = "<group>"; };
		DD100A0B2F8D607C0090E7A1 /* SidecarDisplayTests.swift */ = {isa = PBXFileReference; lastKnownFileType = sourcecode.swift; path = SidecarDisplayTests.swift; sourceTree = "<group>"; };
/* End PBXFileReference section */

/* Begin PBXFrameworksBuildPhase section */
		8BFD3BD82F8D60780090E796 /* Frameworks */ = {
			isa = PBXFrameworksBuildPhase;
			buildActionMask = 2147483647;
			files = (
			);
			runOnlyForDeploymentPostprocessing = 0;
		};
		8BFD3BE92F8D607C0090E796 /* Frameworks */ = {
			isa = PBXFrameworksBuildPhase;
			buildActionMask = 2147483647;
			files = (
			);
			runOnlyForDeploymentPostprocessing = 0;
		};
/* End PBXFrameworksBuildPhase section */

/* Begin PBXGroup section */
		8BFD3BD22F8D60780090E796 = {
			isa = PBXGroup;
			children = (
				8BFD3BDD2F8D60780090E796 /* DAM */,
				8BFD3BEF2F8D607C0090E796 /* DAMTests */,
				8BFD3BDC2F8D60780090E796 /* Products */,
			);
			sourceTree = "<group>";
		};
		8BFD3BDC2F8D60780090E796 /* Products */ = {
			isa = PBXGroup;
			children = (
				8BFD3BDB2F8D60780090E796 /* DAM.app */,
				8BFD3BEC2F8D607C0090E796 /* DAM Tests.xctest */,
			);
			name = Products;
			sourceTree = "<group>";
		};
		8BFD3BDD2F8D60780090E796 /* DAM */ = {
			isa = PBXGroup;
			children = (
				8BFD3BDE2F8D60780090E796 /* MainApp.swift */,
				A0A1D0000000000000000F01 /* README.txt */,
				A0A1D0000000000000000F03 /* ABOUT.txt */,
				A0A1D0000000000000000001 /* AppIdentity.swift */,
				8BFD3C0A2F8D60780090E796 /* AppDelegate.swift */,
				8BFD3C0C2F8D60780090E796 /* AudioManager.swift */,
				8BFD3C0E2F8D60780090E796 /* VideoManager.swift */,
				AA1000FF2F9D00000090E796 /* VideoManager+VirtualAnchor.swift */,
				8BFD3C102F8D60780090E796 /* MenuBuilder.swift */,
				AA0000FF2F8D60780090E796 /* ControlStripPresenter.swift */,
				AA0002FF2F8D60780090E796 /* GlobalHotkey.swift */,
				BB0001002F8D60780090E796 /* HotkeyPreference.swift */,
				BB0003002F8D60780090E796 /* KeyRecorderView.swift */,
				BB0005002F8D60780090E796 /* SettingsWindowController.swift */,
				BB0007002F8D60780090E796 /* VisibilityPreferences.swift */,
				BB0009002F8D60780090E796 /* SpeechSynthesizer.swift */,
				CC000B002F8D60780090E796 /* AirPlayQuickConnect.swift */,
				CC000B022F8D60780090E796 /* AudioOutputPicker.swift */,
				CC100B012F8D60780090E796 /* ChoicePicker.swift */,
				CC100B022F8D60780090E796 /* MirrorPicker.swift */,
				CC100B032F8D60780090E796 /* MainDisplayPicker.swift */,
				CC000B302F8D60780090E796 /* ScreenMirroringPanel.swift */,
				CC000B312F8D60780090E796 /* SidecarManager.swift */,
				CC000B012F8D60780090E796 /* HUD.swift */,
				EE200A012F8D60780090E796 /* MenuBarIcon.swift */,
				BB520B012F8D60780090E796 /* DisplayRegistry.swift */,
				8BFD3BE22F8D607B0090E796 /* Assets.xcassets */,
				8BFD3BE72F8D607B0090E796 /* DAM.entitlements */,
				8BFD3BE42F8D607B0090E796 /* Preview Content */,
				DD000B012F8D60780090E796 /* DisplayLayout.swift */,
				DD000B022F8D60780090E796 /* VideoManager+Arrangement.swift */,
				DD000B032F8D60780090E796 /* ArrangeDisplaysWindowController.swift */,
				DD000B042F8D60780090E796 /* ArrangeTouchBar.swift */,
			);
			path = DAM;
			sourceTree = "<group>";
		};
		8BFD3BE42F8D607B0090E796 /* Preview Content */ = {
			isa = PBXGroup;
			children = (
				8BFD3BE52F8D607B0090E796 /* Preview Assets.xcassets */,
			);
			path = "Preview Content";
			sourceTree = "<group>";
		};
		8BFD3BEF2F8D607C0090E796 /* DAMTests */ = {
			isa = PBXGroup;
			children = (
				AA100A002F8D607C0090E796 /* VisibilityPreferencesTests.swift */,
				AA200A002F8D607C0090E796 /* AudioManagerFilterTests.swift */,
				AA300A002F8D607C0090E796 /* VideoManagerFilterTests.swift */,
				AA600A002F8D607C0090E796 /* ScreenMirroringPanelTests.swift */,
				AA700A002F8D607C0090E796 /* MirrorPlanTests.swift */,
				AA800A002F8D607C0090E796 /* MirrorPickerTests.swift */,
				AA900A002F8D607C0090E796 /* MainDisplayPickerTests.swift */,
				AA400A002F8D607C0090E796 /* HotkeyPreferenceTests.swift */,
				EE200A022F8D607C0090E796 /* MenuBarIconTests.swift */,
				AA500A002F8D607C0090E796 /* ControlStripPresenterTests.swift */,
				DD100A002F8D607C0090E796 /* DisplayLayoutTests.swift */,
				DD100A012F8D607C0090E796 /* ArrangeTouchBarTests.swift */,
				DD100A0A2F8D607C0090E7A0 /* DisplayNicknameTests.swift */,
				DD100A0B2F8D607C0090E7A1 /* SidecarDisplayTests.swift */,
			);
			path = DAMTests;
			sourceTree = "<group>";
		};
/* End PBXGroup section */

/* Begin PBXNativeTarget section */
		8BFD3BDA2F8D60780090E796 /* DAM */ = {
			isa = PBXNativeTarget;
			buildConfigurationList = 8BFD3C002F8D607C0090E796 /* Build configuration list for PBXNativeTarget "DAM" */;
			buildPhases = (
				8BFD3BD72F8D60780090E796 /* Sources */,
				8BFD3BD82F8D60780090E796 /* Frameworks */,
				8BFD3BD92F8D60780090E796 /* Resources */,
				A0A1D0000000000000000F05 /* Stamp Commit */,
			);
			buildRules = (
			);
			dependencies = (
			);
			name = DAM;
			productName = DAM;
			productReference = 8BFD3BDB2F8D60780090E796 /* DAM.app */;
			productType = "com.apple.product-type.application";
		};
		8BFD3BEB2F8D607C0090E796 /* DAM Tests */ = {
			isa = PBXNativeTarget;
			buildConfigurationList = 8BFD3C032F8D607C0090E796 /* Build configuration list for PBXNativeTarget "DAM Tests" */;
			buildPhases = (
				8BFD3BE82F8D607C0090E796 /* Sources */,
				8BFD3BE92F8D607C0090E796 /* Frameworks */,
				8BFD3BEA2F8D607C0090E796 /* Resources */,
			);
			buildRules = (
			);
			dependencies = (
				8BFD3BEE2F8D607C0090E796 /* PBXTargetDependency */,
			);
			name = "DAM Tests";
			productName = DAMTests;
			productReference = 8BFD3BEC2F8D607C0090E796 /* DAM Tests.xctest */;
			productType = "com.apple.product-type.bundle.unit-test";
		};
/* End PBXNativeTarget section */

/* Begin PBXProject section */
		8BFD3BD32F8D60780090E796 /* Project object */ = {
			isa = PBXProject;
			attributes = {
				BuildIndependentTargetsInParallel = 1;
				LastSwiftUpdateCheck = 1430;
				LastUpgradeCheck = 1430;
				TargetAttributes = {
					8BFD3BDA2F8D60780090E796 = {
						CreatedOnToolsVersion = 14.3.1;
					};
					8BFD3BEB2F8D607C0090E796 = {
						CreatedOnToolsVersion = 14.3.1;
						TestTargetID = 8BFD3BDA2F8D60780090E796;
					};
				};
			};
			buildConfigurationList = 8BFD3BD62F8D60780090E796 /* Build configuration list for PBXProject "DAM" */;
			compatibilityVersion = "Xcode 14.0";
			developmentRegion = en;
			hasScannedForEncodings = 0;
			knownRegions = (
				en,
				Base,
			);
			mainGroup = 8BFD3BD22F8D60780090E796;
			productRefGroup = 8BFD3BDC2F8D60780090E796 /* Products */;
			projectDirPath = "";
			projectRoot = "";
			targets = (
				8BFD3BDA2F8D60780090E796 /* DAM */,
				8BFD3BEB2F8D607C0090E796 /* DAM Tests */,
			);
		};
/* End PBXProject section */

/* Begin PBXResourcesBuildPhase section */
		8BFD3BD92F8D60780090E796 /* Resources */ = {
			isa = PBXResourcesBuildPhase;
			buildActionMask = 2147483647;
			files = (
				8BFD3BE62F8D607B0090E796 /* Preview Assets.xcassets in Resources */,
				8BFD3BE32F8D607B0090E796 /* Assets.xcassets in Resources */,
				A0A1D0000000000000000F02 /* README.txt in Resources */,
				A0A1D0000000000000000F04 /* ABOUT.txt in Resources */,
			);
			runOnlyForDeploymentPostprocessing = 0;
		};
		8BFD3BEA2F8D607C0090E796 /* Resources */ = {
			isa = PBXResourcesBuildPhase;
			buildActionMask = 2147483647;
			files = (
			);
			runOnlyForDeploymentPostprocessing = 0;
		};
/* End PBXResourcesBuildPhase section */

/* Begin PBXShellScriptBuildPhase section */
		A0A1D0000000000000000F05 /* Stamp Commit */ = {
			isa = PBXShellScriptBuildPhase;
			alwaysOutOfDate = 1;
			buildActionMask = 2147483647;
			files = (
			);
			inputPaths = (
			);
			name = "Stamp Commit";
			outputPaths = (
			);
			runOnlyForDeploymentPostprocessing = 0;
			shellPath = /bin/sh;
			shellScript = "# The build is the commit it was made from: CFBundleVersion counts the commits (it must\n# be numeric), DAMCommit holds the short hash, marked \"+\" when the tree has changes.\nplist=\"$TARGET_BUILD_DIR/$INFOPLIST_PATH\"\ncd \"$SRCROOT\" || exit 0\ncount=$(git rev-list --count HEAD 2>/dev/null) || exit 0\nhash=$(git rev-parse --short HEAD)\ngit diff --quiet HEAD -- . ':!*.xcuserstate' ':!*xcuserdata*' 2>/dev/null || hash=\"$hash+\"\n/usr/libexec/PlistBuddy -c \"Set :CFBundleVersion $count\" \"$plist\"\n/usr/libexec/PlistBuddy -c \"Delete :DAMCommit\" \"$plist\" 2>/dev/null\n/usr/libexec/PlistBuddy -c \"Add :DAMCommit string $hash\" \"$plist\"\n";
		};
/* End PBXShellScriptBuildPhase section */

/* Begin PBXSourcesBuildPhase section */
		8BFD3BD72F8D60780090E796 /* Sources */ = {
			isa = PBXSourcesBuildPhase;
			buildActionMask = 2147483647;
			files = (
				8BFD3BDF2F8D60780090E796 /* MainApp.swift in Sources */,
				A0A1D0000000000000000002 /* AppIdentity.swift in Sources */,
				8BFD3C0B2F8D60780090E796 /* AppDelegate.swift in Sources */,
				8BFD3C0D2F8D60780090E796 /* AudioManager.swift in Sources */,
				8BFD3C0F2F8D60780090E796 /* VideoManager.swift in Sources */,
				AA1001002F9D00000090E796 /* VideoManager+VirtualAnchor.swift in Sources */,
				8BFD3C112F8D60780090E796 /* MenuBuilder.swift in Sources */,
				AA0001002F8D60780090E796 /* ControlStripPresenter.swift in Sources */,
				AA0003002F8D60780090E796 /* GlobalHotkey.swift in Sources */,
				BB0002002F8D60780090E796 /* HotkeyPreference.swift in Sources */,
				BB0004002F8D60780090E796 /* KeyRecorderView.swift in Sources */,
				BB0006002F8D60780090E796 /* SettingsWindowController.swift in Sources */,
				BB0008002F8D60780090E796 /* VisibilityPreferences.swift in Sources */,
				BB000A002F8D60780090E796 /* SpeechSynthesizer.swift in Sources */,
				CC000C002F8D60780090E796 /* AirPlayQuickConnect.swift in Sources */,
				CC000C022F8D60780090E796 /* AudioOutputPicker.swift in Sources */,
				CC100C012F8D60780090E796 /* ChoicePicker.swift in Sources */,
				CC100C022F8D60780090E796 /* MirrorPicker.swift in Sources */,
				CC100C032F8D60780090E796 /* MainDisplayPicker.swift in Sources */,
				CC000C302F8D60780090E796 /* ScreenMirroringPanel.swift in Sources */,
				CC000C312F8D60780090E796 /* SidecarManager.swift in Sources */,
				CC000C012F8D60780090E796 /* HUD.swift in Sources */,
				EE200B012F8D60780090E796 /* MenuBarIcon.swift in Sources */,
				BB520C012F8D60780090E796 /* DisplayRegistry.swift in Sources */,
				DD000C012F8D60780090E796 /* DisplayLayout.swift in Sources */,
				DD000C022F8D60780090E796 /* VideoManager+Arrangement.swift in Sources */,
				DD000C032F8D60780090E796 /* ArrangeDisplaysWindowController.swift in Sources */,
				DD000C042F8D60780090E796 /* ArrangeTouchBar.swift in Sources */,
			);
			runOnlyForDeploymentPostprocessing = 0;
		};
		8BFD3BE82F8D607C0090E796 /* Sources */ = {
			isa = PBXSourcesBuildPhase;
			buildActionMask = 2147483647;
			files = (
				AA100B002F8D607C0090E796 /* VisibilityPreferencesTests.swift in Sources */,
				AA200B002F8D607C0090E796 /* AudioManagerFilterTests.swift in Sources */,
				AA300B002F8D607C0090E796 /* VideoManagerFilterTests.swift in Sources */,
				AA600B002F8D607C0090E796 /* ScreenMirroringPanelTests.swift in Sources */,
				AA700B002F8D607C0090E796 /* MirrorPlanTests.swift in Sources */,
				AA800B002F8D607C0090E796 /* MirrorPickerTests.swift in Sources */,
				AA900B002F8D607C0090E796 /* MainDisplayPickerTests.swift in Sources */,
				AA400B002F8D607C0090E796 /* HotkeyPreferenceTests.swift in Sources */,
				EE200B022F8D607C0090E796 /* MenuBarIconTests.swift in Sources */,
				AA500B002F8D607C0090E796 /* ControlStripPresenterTests.swift in Sources */,
				DD100B002F8D607C0090E796 /* DisplayLayoutTests.swift in Sources */,
				DD100B012F8D607C0090E796 /* ArrangeTouchBarTests.swift in Sources */,
				DD100B0A2F8D607C0090E7A0 /* DisplayNicknameTests.swift in Sources */,
				DD100B0B2F8D607C0090E7A1 /* SidecarDisplayTests.swift in Sources */,
			);
			runOnlyForDeploymentPostprocessing = 0;
		};
/* End PBXSourcesBuildPhase section */

/* Begin PBXTargetDependency section */
		8BFD3BEE2F8D607C0090E796 /* PBXTargetDependency */ = {
			isa = PBXTargetDependency;
			target = 8BFD3BDA2F8D60780090E796 /* DAM */;
			targetProxy = 8BFD3BED2F8D607C0090E796 /* PBXContainerItemProxy */;
		};
/* End PBXTargetDependency section */

/* Begin XCBuildConfiguration section */
		8BFD3BFE2F8D607C0090E796 /* Debug */ = {
			isa = XCBuildConfiguration;
			buildSettings = {
				ALWAYS_SEARCH_USER_PATHS = NO;
				APP_BUNDLE_ID = "$(APP_BUNDLE_PREFIX).$(APP_NAME:rfc1034identifier:lower)";
				APP_BUNDLE_PREFIX = mmmeon;
				APP_NAME = DAM;
				CLANG_ANALYZER_NONNULL = YES;
				CLANG_ANALYZER_NUMBER_OBJECT_CONVERSION = YES_AGGRESSIVE;
				CLANG_CXX_LANGUAGE_STANDARD = "gnu++20";
				CLANG_ENABLE_MODULES = YES;
				CLANG_ENABLE_OBJC_ARC = YES;
				CLANG_ENABLE_OBJC_WEAK = YES;
				CLANG_WARN_BLOCK_CAPTURE_AUTORELEASING = YES;
				CLANG_WARN_BOOL_CONVERSION = YES;
				CLANG_WARN_COMMA = YES;
				CLANG_WARN_CONSTANT_CONVERSION = YES;
				CLANG_WARN_DEPRECATED_OBJC_IMPLEMENTATIONS = YES;
				CLANG_WARN_DIRECT_OBJC_ISA_USAGE = YES_ERROR;
				CLANG_WARN_DOCUMENTATION_COMMENTS = YES;
				CLANG_WARN_EMPTY_BODY = YES;
				CLANG_WARN_ENUM_CONVERSION = YES;
				CLANG_WARN_INFINITE_RECURSION = YES;
				CLANG_WARN_INT_CONVERSION = YES;
				CLANG_WARN_NON_LITERAL_NULL_CONVERSION = YES;
				CLANG_WARN_OBJC_IMPLICIT_RETAIN_SELF = YES;
				CLANG_WARN_OBJC_LITERAL_CONVERSION = YES;
				CLANG_WARN_OBJC_ROOT_CLASS = YES_ERROR;
				CLANG_WARN_QUOTED_INCLUDE_IN_FRAMEWORK_HEADER = YES;
				CLANG_WARN_RANGE_LOOP_ANALYSIS = YES;
				CLANG_WARN_STRICT_PROTOTYPES = YES;
				CLANG_WARN_SUSPICIOUS_MOVE = YES;
				CLANG_WARN_UNGUARDED_AVAILABILITY = YES_AGGRESSIVE;
				CLANG_WARN_UNREACHABLE_CODE = YES;
				CLANG_WARN__DUPLICATE_METHOD_MATCH = YES;
				COPY_PHASE_STRIP = NO;
				DEBUG_INFORMATION_FORMAT = dwarf;
				ENABLE_STRICT_OBJC_MSGSEND = YES;
				ENABLE_TESTABILITY = YES;
				GCC_C_LANGUAGE_STANDARD = gnu11;
				GCC_DYNAMIC_NO_PIC = NO;
				GCC_NO_COMMON_BLOCKS = YES;
				GCC_OPTIMIZATION_LEVEL = 0;
				GCC_PREPROCESSOR_DEFINITIONS = (
					"DEBUG=1",
					"$(inherited)",
				);
				GCC_WARN_64_TO_32_BIT_CONVERSION = YES;
				GCC_WARN_ABOUT_RETURN_TYPE = YES_ERROR;
				GCC_WARN_UNDECLARED_SELECTOR = YES;
				GCC_WARN_UNINITIALIZED_AUTOS = YES_AGGRESSIVE;
				GCC_WARN_UNUSED_FUNCTION = YES;
				GCC_WARN_UNUSED_VARIABLE = YES;
				MACOSX_DEPLOYMENT_TARGET = 13.3;
				MTL_ENABLE_DEBUG_INFO = INCLUDE_SOURCE;
				MTL_FAST_MATH = YES;
				ONLY_ACTIVE_ARCH = YES;
				SDKROOT = macosx;
				SWIFT_ACTIVE_COMPILATION_CONDITIONS = DEBUG;
				SWIFT_OPTIMIZATION_LEVEL = "-Onone";
			};
			name = Debug;
		};
		8BFD3BFF2F8D607C0090E796 /* Release */ = {
			isa = XCBuildConfiguration;
			buildSettings = {
				ALWAYS_SEARCH_USER_PATHS = NO;
				APP_BUNDLE_ID = "$(APP_BUNDLE_PREFIX).$(APP_NAME:rfc1034identifier:lower)";
				APP_BUNDLE_PREFIX = mmmeon;
				APP_NAME = DAM;
				CLANG_ANALYZER_NONNULL = YES;
				CLANG_ANALYZER_NUMBER_OBJECT_CONVERSION = YES_AGGRESSIVE;
				CLANG_CXX_LANGUAGE_STANDARD = "gnu++20";
				CLANG_ENABLE_MODULES = YES;
				CLANG_ENABLE_OBJC_ARC = YES;
				CLANG_ENABLE_OBJC_WEAK = YES;
				CLANG_WARN_BLOCK_CAPTURE_AUTORELEASING = YES;
				CLANG_WARN_BOOL_CONVERSION = YES;
				CLANG_WARN_COMMA = YES;
				CLANG_WARN_CONSTANT_CONVERSION = YES;
				CLANG_WARN_DEPRECATED_OBJC_IMPLEMENTATIONS = YES;
				CLANG_WARN_DIRECT_OBJC_ISA_USAGE = YES_ERROR;
				CLANG_WARN_DOCUMENTATION_COMMENTS = YES;
				CLANG_WARN_EMPTY_BODY = YES;
				CLANG_WARN_ENUM_CONVERSION = YES;
				CLANG_WARN_INFINITE_RECURSION = YES;
				CLANG_WARN_INT_CONVERSION = YES;
				CLANG_WARN_NON_LITERAL_NULL_CONVERSION = YES;
				CLANG_WARN_OBJC_IMPLICIT_RETAIN_SELF = YES;
				CLANG_WARN_OBJC_LITERAL_CONVERSION = YES;
				CLANG_WARN_OBJC_ROOT_CLASS = YES_ERROR;
				CLANG_WARN_QUOTED_INCLUDE_IN_FRAMEWORK_HEADER = YES;
				CLANG_WARN_RANGE_LOOP_ANALYSIS = YES;
				CLANG_WARN_STRICT_PROTOTYPES = YES;
				CLANG_WARN_SUSPICIOUS_MOVE = YES;
				CLANG_WARN_UNGUARDED_AVAILABILITY = YES_AGGRESSIVE;
				CLANG_WARN_UNREACHABLE_CODE = YES;
				CLANG_WARN__DUPLICATE_METHOD_MATCH = YES;
				COPY_PHASE_STRIP = NO;
				DEBUG_INFORMATION_FORMAT = "dwarf-with-dsym";
				ENABLE_NS_ASSERTIONS = NO;
				ENABLE_STRICT_OBJC_MSGSEND = YES;
				GCC_C_LANGUAGE_STANDARD = gnu11;
				GCC_NO_COMMON_BLOCKS = YES;
				GCC_WARN_64_TO_32_BIT_CONVERSION = YES;
				GCC_WARN_ABOUT_RETURN_TYPE = YES_ERROR;
				GCC_WARN_UNDECLARED_SELECTOR = YES;
				GCC_WARN_UNINITIALIZED_AUTOS = YES_AGGRESSIVE;
				GCC_WARN_UNUSED_FUNCTION = YES;
				GCC_WARN_UNUSED_VARIABLE = YES;
				MACOSX_DEPLOYMENT_TARGET = 13.3;
				MTL_ENABLE_DEBUG_INFO = NO;
				MTL_FAST_MATH = YES;
				SDKROOT = macosx;
				SWIFT_COMPILATION_MODE = wholemodule;
				SWIFT_OPTIMIZATION_LEVEL = "-O";
			};
			name = Release;
		};
		8BFD3C012F8D607C0090E796 /* Debug */ = {
			isa = XCBuildConfiguration;
			buildSettings = {
				ASSETCATALOG_COMPILER_APPICON_NAME = AppIcon;
				ASSETCATALOG_COMPILER_GLOBAL_ACCENT_COLOR_NAME = AccentColor;
				CODE_SIGN_ENTITLEMENTS = DAM/DAM.entitlements;
				CODE_SIGN_IDENTITY = "Apple Development";
				"CODE_SIGN_IDENTITY[sdk=macosx*]" = "-";
				CODE_SIGN_STYLE = Automatic;
				COMBINE_HIDPI_IMAGES = YES;
				CURRENT_PROJECT_VERSION = 1;
				DEVELOPMENT_ASSET_PATHS = "\"DAM/Preview Content\"";
				DEVELOPMENT_TEAM = MHRJT395RA;
				ENABLE_PREVIEWS = YES;
				FRAMEWORK_SEARCH_PATHS = (
					"$(inherited)",
					/System/Library/PrivateFrameworks,
				);
				GENERATE_INFOPLIST_FILE = YES;
				INFOPLIST_KEY_CFBundleDisplayName = "$(APP_NAME)";
				INFOPLIST_KEY_LSApplicationCategoryType = "public.app-category.utilities";
				INFOPLIST_KEY_LSUIElement = YES;
				INFOPLIST_KEY_NSHumanReadableCopyright = "Copyright © 2026 mmmeon";
				LD_RUNPATH_SEARCH_PATHS = (
					"$(inherited)",
					"@executable_path/../Frameworks",
				);
				MARKETING_VERSION = 0.1;
				PRODUCT_BUNDLE_IDENTIFIER = "$(APP_BUNDLE_ID)";
				PRODUCT_MODULE_NAME = DAM;
				PRODUCT_NAME = "$(APP_NAME)";
				PROVISIONING_PROFILE_SPECIFIER = "";
				SWIFT_EMIT_LOC_STRINGS = YES;
				SWIFT_OBJC_BRIDGING_HEADER = "DAM/DAM-Bridging-Header.h";
				SWIFT_VERSION = 5.0;
			};
			name = Debug;
		};
		8BFD3C022F8D607C0090E796 /* Release */ = {
			isa = XCBuildConfiguration;
			buildSettings = {
				ASSETCATALOG_COMPILER_APPICON_NAME = AppIcon;
				ASSETCATALOG_COMPILER_GLOBAL_ACCENT_COLOR_NAME = AccentColor;
				CODE_SIGN_ENTITLEMENTS = DAM/DAM.entitlements;
				CODE_SIGN_IDENTITY = "Apple Development";
				"CODE_SIGN_IDENTITY[sdk=macosx*]" = "-";
				CODE_SIGN_STYLE = Automatic;
				COMBINE_HIDPI_IMAGES = YES;
				CURRENT_PROJECT_VERSION = 1;
				DEVELOPMENT_ASSET_PATHS = "\"DAM/Preview Content\"";
				DEVELOPMENT_TEAM = MHRJT395RA;
				ENABLE_PREVIEWS = YES;
				FRAMEWORK_SEARCH_PATHS = (
					"$(inherited)",
					/System/Library/PrivateFrameworks,
				);
				GENERATE_INFOPLIST_FILE = YES;
				INFOPLIST_KEY_CFBundleDisplayName = "$(APP_NAME)";
				INFOPLIST_KEY_LSApplicationCategoryType = "public.app-category.utilities";
				INFOPLIST_KEY_LSUIElement = YES;
				INFOPLIST_KEY_NSHumanReadableCopyright = "Copyright © 2026 mmmeon";
				LD_RUNPATH_SEARCH_PATHS = (
					"$(inherited)",
					"@executable_path/../Frameworks",
				);
				MARKETING_VERSION = 0.1;
				PRODUCT_BUNDLE_IDENTIFIER = "$(APP_BUNDLE_ID)";
				PRODUCT_MODULE_NAME = DAM;
				PRODUCT_NAME = "$(APP_NAME)";
				PROVISIONING_PROFILE_SPECIFIER = "";
				SWIFT_EMIT_LOC_STRINGS = YES;
				SWIFT_OBJC_BRIDGING_HEADER = "DAM/DAM-Bridging-Header.h";
				SWIFT_VERSION = 5.0;
			};
			name = Release;
		};
		8BFD3C042F8D607C0090E796 /* Debug */ = {
			isa = XCBuildConfiguration;
			buildSettings = {
				ALWAYS_EMBED_SWIFT_STANDARD_LIBRARIES = YES;
				BUNDLE_LOADER = "$(TEST_HOST)";
				CODE_SIGN_STYLE = Automatic;
				CURRENT_PROJECT_VERSION = 1;
				GENERATE_INFOPLIST_FILE = YES;
				MACOSX_DEPLOYMENT_TARGET = 13.3;
				MARKETING_VERSION = 1.0;
				PRODUCT_BUNDLE_IDENTIFIER = "$(APP_BUNDLE_ID)Tests";
				PRODUCT_NAME = "$(TARGET_NAME)";
				SWIFT_EMIT_LOC_STRINGS = NO;
				SWIFT_VERSION = 5.0;
				TEST_HOST = "$(BUILT_PRODUCTS_DIR)/$(APP_NAME).app/$(BUNDLE_EXECUTABLE_FOLDER_PATH)/$(APP_NAME)";
			};
			name = Debug;
		};
		8BFD3C052F8D607C0090E796 /* Release */ = {
			isa = XCBuildConfiguration;
			buildSettings = {
				ALWAYS_EMBED_SWIFT_STANDARD_LIBRARIES = YES;
				BUNDLE_LOADER = "$(TEST_HOST)";
				CODE_SIGN_STYLE = Automatic;
				CURRENT_PROJECT_VERSION = 1;
				GENERATE_INFOPLIST_FILE = YES;
				MACOSX_DEPLOYMENT_TARGET = 13.3;
				MARKETING_VERSION = 1.0;
				PRODUCT_BUNDLE_IDENTIFIER = "$(APP_BUNDLE_ID)Tests";
				PRODUCT_NAME = "$(TARGET_NAME)";
				SWIFT_EMIT_LOC_STRINGS = NO;
				SWIFT_VERSION = 5.0;
				TEST_HOST = "$(BUILT_PRODUCTS_DIR)/$(APP_NAME).app/$(BUNDLE_EXECUTABLE_FOLDER_PATH)/$(APP_NAME)";
			};
			name = Release;
		};
/* End XCBuildConfiguration section */

/* Begin XCConfigurationList section */
		8BFD3BD62F8D60780090E796 /* Build configuration list for PBXProject "DAM" */ = {
			isa = XCConfigurationList;
			buildConfigurations = (
				8BFD3BFE2F8D607C0090E796 /* Debug */,
				8BFD3BFF2F8D607C0090E796 /* Release */,
			);
			defaultConfigurationIsVisible = 0;
			defaultConfigurationName = Release;
		};
		8BFD3C002F8D607C0090E796 /* Build configuration list for PBXNativeTarget "DAM" */ = {
			isa = XCConfigurationList;
			buildConfigurations = (
				8BFD3C012F8D607C0090E796 /* Debug */,
				8BFD3C022F8D607C0090E796 /* Release */,
			);
			defaultConfigurationIsVisible = 0;
			defaultConfigurationName = Release;
		};
		8BFD3C032F8D607C0090E796 /* Build configuration list for PBXNativeTarget "DAM Tests" */ = {
			isa = XCConfigurationList;
			buildConfigurations = (
				8BFD3C042F8D607C0090E796 /* Debug */,
				8BFD3C052F8D607C0090E796 /* Release */,
			);
			defaultConfigurationIsVisible = 0;
			defaultConfigurationName = Release;
		};
/* End XCConfigurationList section */
	};
	rootObject = 8BFD3BD32F8D60780090E796 /* Project object */;
}
